
Microsoft Visual Studio Solution File, Format Version 12.00
# Visual Studio Version 17
VisualStudioVersion = 17.14.36127.28
MinimumVisualStudioVersion = 10.0.40219.1
Project("{8BC9CEB8-8B4A-11D0-8D11-00A0C91BC942}") = "ProcessBlocker", "ProcessBlocker\ProcessBlocker.vcxproj", "{58B4FE23-FE8F-E531-5DAE-1874E091F675}"
EndProject
Project("{8BC9CEB8-8B4A-11D0-8D11-00A0C91BC942}") = "UserSpace", "UserSpace\UserSpace.vcxproj", "{A623A5A7-9C65-4390-B274-18FB1A4CD5D0}"
EndProject
Project("{8BC9CEB8-8B4A-11D0-8D11-00A0C91BC942}") = "FileEnforce", "FileEnforce\FileEnforce.vcxproj", "{0CF84665-005C-80EF-60C4-C1F1783C7B98}"
EndProject
Global
	GlobalSection(SolutionConfigurationPlatforms) = preSolution
		Debug|ARM64 = Debug|ARM64
		Debug|x64 = Debug|x64
		Release|ARM64 = Release|ARM64
		Release|x64 = Release|x64
	EndGlobalSection
	GlobalSection(ProjectConfigurationPlatforms) = postSolution
		{58B4FE23-FE8F-E531-5DAE-1874E091F675}.Debug|ARM64.ActiveCfg = Debug|ARM64
		{58B4FE23-FE8F-E531-5DAE-1874E091F675}.Debug|ARM64.Build.0 = Debug|ARM64
		{58B4FE23-FE8F-E531-5DAE-1874E091F675}.Debug|ARM64.Deploy.0 = Debug|ARM64
		{58B4FE23-FE8F-E531-5DAE-1874E091F675}.Debug|x64.ActiveCfg = Debug|x64
		{58B4FE23-FE8F-E531-5DAE-1874E091F675}.Debug|x64.Build.0 = Debug|x64
		{58B4FE23-FE8F-E531-5DAE-1874E091F675}.Debug|x64.Deploy.0 = Debug|x64
		{58B4FE23-FE8F-E531-5DAE-1874E091F675}.Release|ARM64.ActiveCfg = Release|ARM64
		{58B4FE23-FE8F-E531-5DAE-1874E091F675}.Release|ARM64.Build.0 = Release|ARM64
		{58B4FE23-FE8F-E531-5DAE-1874E091F675}.Release|ARM64.Deploy.0 = Release|ARM64
		{58B4FE23-FE8F-E531-5DAE-1874E091F675}.Release|x64.ActiveCfg = Release|x64
		{58B4FE23-FE8F-E531-5DAE-1874E091F675}.Release|x64.Build.0 = Release|x64
		{58B4FE23-FE8F-E531-5DAE-1874E091F675}.Release|x64.Deploy.0 = Release|x64
		{A623A5A7-9C65-4390-B274-18FB1A4CD5D0}.Debug|ARM64.ActiveCfg = Debug|x64
		{A623A5A7-9C65-4390-B274-18FB1A4CD5D0}.Debug|ARM64.Build.0 = Debug|x64
		{A623A5A7-9C65-4390-B274-18FB1A4CD5D0}.Debug|x64.ActiveCfg = Debug|x64
		{A623A5A7-9C65-4390-B274-18FB1A4CD5D0}.Debug|x64.Build.0 = Debug|x64
		{A623A5A7-9C65-4390-B274-18FB1A4CD5D0}.Release|ARM64.ActiveCfg = Release|x64
		{A623A5A7-9C65-4390-B274-18FB1A4CD5D0}.Release|ARM64.Build.0 = Release|x64
		{A623A5A7-9C65-4390-B274-18FB1A4CD5D0}.Release|x64.ActiveCfg = Release|x64
		{A623A5A7-9C65-4390-B274-18FB1A4CD5D0}.Release|x64.Build.0 = Release|x64
		{0CF84665-005C-80EF-60C4-C1F1783C7B98}.Debug|ARM64.ActiveCfg = Debug|ARM64
		{0CF84665-005C-80EF-60C4-C1F1783C7B98}.Debug|ARM64.Build.0 = Debug|ARM64
		{0CF84665-005C-80EF-60C4-C1F1783C7B98}.Debug|ARM64.Deploy.0 = Debug|ARM64
		{0CF84665-005C-80EF-60C4-C1F1783C7B98}.Debug|x64.ActiveCfg = Debug|x64
		{0CF84665-005C-80EF-60C4-C1F1783C7B98}.Debug|x64.Build.0 = Debug|x64
		{0CF84665-005C-80EF-60C4-C1F1783C7B98}.Debug|x64.Deploy.0 = Debug|x64
		{0CF84665-005C-80EF-60C4-C1F1783C7B98}.Release|ARM64.ActiveCfg = Release|ARM64
		{0CF84665-005C-80EF-60C4-C1F1783C7B98}.Release|ARM64.Build.0 = Release|ARM64
		{0CF84665-005C-80EF-60C4-C1F1783C7B98}.Release|ARM64.Deploy.0 = Release|ARM64
		{0CF84665-005C-80EF-60C4-C1F1783C7B98}.Release|x64.ActiveCfg = Release|x64
		{0CF84665-005C-80EF-60C4-C1F1783C7B98}.Release|x64.Build.0 = Release|x64
		{0CF84665-005C-80EF-60C4-C1F1783C7B98}.Release|x64.Deploy.0 = Release|x64
	EndGlobalSection
	GlobalSection(SolutionProperties) = preSolution
		HideSolutionNode = FALSE
	EndGlobalSection
	GlobalSection(ExtensibilityGlobals) = postSolution
		SolutionGuid = {21F51ED5-B1FF-4F6D-AA98-D0182B07164D}
	EndGlobalSection
EndGlobal
